PODS:
  - Capacitor (5.2.3):
    - CapacitorCordova
  - CapacitorApp (5.0.5):
    - Capacitor
  - CapacitorClipboard (5.0.5):
    - Capacitor
  - CapacitorCordova (5.2.3)
  - CapacitorDevice (5.0.5):
    - Capacitor
  - CapacitorLocalNotifications (5.0.5):
    - Capacitor
  - CapacitorRateApp (4.0.3):
    - Capacitor
  - CapacitorShare (5.0.5):
    - Capacitor
  - CapacitorSplashScreen (5.0.5):
    - Capacitor
  - CapacitorStatusBar (5.0.5):
    - Capacitor
  - CapacitorToast (5.0.5):
    - Capacitor
  - CordovaPlugins (5.2.3):
    - CapacitorCordova
  - OpenforgeCapacitorGameConnect (1.0.1):
    - Capacitor

DEPENDENCIES:
  - "Capacitor (from `../../node_modules/@capacitor/ios`)"
  - "CapacitorApp (from `../../node_modules/@capacitor/app`)"
  - "CapacitorClipboard (from `../../node_modules/@capacitor/clipboard`)"
  - "CapacitorCordova (from `../../node_modules/@capacitor/ios`)"
  - "CapacitorDevice (from `../../node_modules/@capacitor/device`)"
  - "CapacitorLocalNotifications (from `../../node_modules/@capacitor/local-notifications`)"
  - CapacitorRateApp (from `../../node_modules/capacitor-rate-app`)
  - "CapacitorShare (from `../../node_modules/@capacitor/share`)"
  - "CapacitorSplashScreen (from `../../node_modules/@capacitor/splash-screen`)"
  - "CapacitorStatusBar (from `../../node_modules/@capacitor/status-bar`)"
  - "CapacitorToast (from `../../node_modules/@capacitor/toast`)"
  - CordovaPlugins (from `../capacitor-cordova-ios-plugins`)
  - OpenforgeCapacitorGameConnect (from `../../../../random/capacitor-game-connect`)

EXTERNAL SOURCES:
  Capacitor:
    :path: "../../node_modules/@capacitor/ios"
  CapacitorApp:
    :path: "../../node_modules/@capacitor/app"
  CapacitorClipboard:
    :path: "../../node_modules/@capacitor/clipboard"
  CapacitorCordova:
    :path: "../../node_modules/@capacitor/ios"
  CapacitorDevice:
    :path: "../../node_modules/@capacitor/device"
  CapacitorLocalNotifications:
    :path: "../../node_modules/@capacitor/local-notifications"
  CapacitorRateApp:
    :path: "../../node_modules/capacitor-rate-app"
  CapacitorShare:
    :path: "../../node_modules/@capacitor/share"
  CapacitorSplashScreen:
    :path: "../../node_modules/@capacitor/splash-screen"
  CapacitorStatusBar:
    :path: "../../node_modules/@capacitor/status-bar"
  CapacitorToast:
    :path: "../../node_modules/@capacitor/toast"
  CordovaPlugins:
    :path: "../capacitor-cordova-ios-plugins"
  OpenforgeCapacitorGameConnect:
    :path: "../../../../random/capacitor-game-connect"

SPEC CHECKSUMS:
  Capacitor: 6f44cbc33839b8a4202b8eac97041fe584083417
  CapacitorApp: 9d91a5a400e4ad8cafe66a02cc9d8073c864d7bb
  CapacitorClipboard: 17f9418206e9de5673fac29c815f11c8d618e81c
  CapacitorCordova: 35def3ebfdef491f0a7b652816eb873ff4b20bbf
  CapacitorDevice: 4c78eeaa553c7a46bc07372c6eb03a5665459885
  CapacitorLocalNotifications: cb6a69d128c5ed2a7f22c897c393c0e380f680e7
  CapacitorRateApp: 896df7ec6a237fea72d1955e0cb26394654b00db
  CapacitorShare: 7f90542d6708cfba03adfff7f900e8bc385e2c19
  CapacitorSplashScreen: e563abf6d590bfe0269515ccc9d8bc03c41f32e9
  CapacitorStatusBar: 540867ac3c63875b65bebd888f695de50a13a9a2
  CapacitorToast: 77841e9091bea87db10e55b48747d958d76b1fe0
  CordovaPlugins: 3fc4a63e9ddeb694a31d5066f262ddbffa996240
  OpenforgeCapacitorGameConnect: f8d9d5af80cef82a8c09fa89065537d3c800df89

PODFILE CHECKSUM: 47604ab6a68a00c33f9a2ded7032057ee5fad408

COCOAPODS: 1.11.3
